
Microsoft Visual Studio Solution File, Format Version 12.00
# Visual Studio Version 16
VisualStudioVersion = 16.0.31112.23
MinimumVisualStudioVersion = 10.0.40219.1
Project("{FAE04EC0-301F-11D3-BF4B-00C04F79EFBC}") = "PrimeiraWebApp", "PrimeiraWebApp\PrimeiraWebApp.csproj", "{CF7EE8DB-373A-49E9-A06B-B9B075A61A1E}"
EndProject
Global
	GlobalSection(SolutionConfigurationPlatforms) = preSolution
		Debug|Any CPU = Debug|Any CPU
		Release|Any CPU = Release|Any CPU
	EndGlobalSection
	GlobalSection(ProjectConfigurationPlatforms) = postSolution
		{CF7EE8DB-373A-49E9-A06B-B9B075A61A1E}.Debug|Any CPU.ActiveCfg = Debug|Any CPU
		{CF7EE8DB-373A-49E9-A06B-B9B075A61A1E}.Debug|Any CPU.Build.0 = Debug|Any CPU
		{CF7EE8DB-373A-49E9-A06B-B9B075A61A1E}.Release|Any CPU.ActiveCfg = Release|Any CPU
		{CF7EE8DB-373A-49E9-A06B-B9B075A61A1E}.Release|Any CPU.Build.0 = Release|Any CPU
	EndGlobalSection
	GlobalSection(SolutionProperties) = preSolution
		HideSolutionNode = FALSE
	EndGlobalSection
	GlobalSection(ExtensibilityGlobals) = postSolution
		SolutionGuid = {33763F2A-E690-43B2-BF6E-B976C6790DCB}
	EndGlobalSection
EndGlobal
