
Microsoft Visual Studio Solution File, Format Version 12.00
# Visual Studio Version 16
VisualStudioVersion = 16.0.31112.23
MinimumVisualStudioVersion = 10.0.40219.1
Project("{FAE04EC0-301F-11D3-BF4B-00C04F79EFBC}") = "CSharpRefatoracao", "CSharpRefatoracao\CSharpRefatoracao.csproj", "{070F8BC2-577C-4DE1-92E4-9CB05EE2BE20}"
EndProject
Global
	GlobalSection(SolutionConfigurationPlatforms) = preSolution
		Debug|Any CPU = Debug|Any CPU
		Release|Any CPU = Release|Any CPU
	EndGlobalSection
	GlobalSection(ProjectConfigurationPlatforms) = postSolution
		{070F8BC2-577C-4DE1-92E4-9CB05EE2BE20}.Debug|Any CPU.ActiveCfg = Debug|Any CPU
		{070F8BC2-577C-4DE1-92E4-9CB05EE2BE20}.Debug|Any CPU.Build.0 = Debug|Any CPU
		{070F8BC2-577C-4DE1-92E4-9CB05EE2BE20}.Release|Any CPU.ActiveCfg = Release|Any CPU
		{070F8BC2-577C-4DE1-92E4-9CB05EE2BE20}.Release|Any CPU.Build.0 = Release|Any CPU
	EndGlobalSection
	GlobalSection(SolutionProperties) = preSolution
		HideSolutionNode = FALSE
	EndGlobalSection
	GlobalSection(ExtensibilityGlobals) = postSolution
		SolutionGuid = {4DDF4DDF-F167-4BCA-A8B6-FA257CCCC2F2}
	EndGlobalSection
EndGlobal
