
Microsoft Visual Studio Solution File, Format Version 12.00
# Visual Studio Version 16
VisualStudioVersion = 16.0.31112.23
MinimumVisualStudioVersion = 10.0.40219.1
Project("{FAE04EC0-301F-11D3-BF4B-00C04F79EFBC}") = "ConversaoCasting", "ConversaoCasting\ConversaoCasting.csproj", "{EE58BC11-D399-4F82-8898-91DBD4EBAC86}"
EndProject
Global
	GlobalSection(SolutionConfigurationPlatforms) = preSolution
		Debug|Any CPU = Debug|Any CPU
		Release|Any CPU = Release|Any CPU
	EndGlobalSection
	GlobalSection(ProjectConfigurationPlatforms) = postSolution
		{EE58BC11-D399-4F82-8898-91DBD4EBAC86}.Debug|Any CPU.ActiveCfg = Debug|Any CPU
		{EE58BC11-D399-4F82-8898-91DBD4EBAC86}.Debug|Any CPU.Build.0 = Debug|Any CPU
		{EE58BC11-D399-4F82-8898-91DBD4EBAC86}.Release|Any CPU.ActiveCfg = Release|Any CPU
		{EE58BC11-D399-4F82-8898-91DBD4EBAC86}.Release|Any CPU.Build.0 = Release|Any CPU
	EndGlobalSection
	GlobalSection(SolutionProperties) = preSolution
		HideSolutionNode = FALSE
	EndGlobalSection
	GlobalSection(ExtensibilityGlobals) = postSolution
		SolutionGuid = {E1AAEE3C-EECC-46FB-AA78-F78D3BD489B4}
	EndGlobalSection
EndGlobal
