
Microsoft Visual Studio Solution File, Format Version 12.00
# Visual Studio Version 16
VisualStudioVersion = 16.0.31112.23
MinimumVisualStudioVersion = 10.0.40219.1
Project("{FAE04EC0-301F-11D3-BF4B-00C04F79EFBC}") = "EntradaDados01", "EntradaDados01\EntradaDados01.csproj", "{7FB2FE35-E8B6-4594-8EBD-57BE2006659B}"
EndProject
Global
	GlobalSection(SolutionConfigurationPlatforms) = preSolution
		Debug|Any CPU = Debug|Any CPU
		Release|Any CPU = Release|Any CPU
	EndGlobalSection
	GlobalSection(ProjectConfigurationPlatforms) = postSolution
		{7FB2FE35-E8B6-4594-8EBD-57BE2006659B}.Debug|Any CPU.ActiveCfg = Debug|Any CPU
		{7FB2FE35-E8B6-4594-8EBD-57BE2006659B}.Debug|Any CPU.Build.0 = Debug|Any CPU
		{7FB2FE35-E8B6-4594-8EBD-57BE2006659B}.Release|Any CPU.ActiveCfg = Release|Any CPU
		{7FB2FE35-E8B6-4594-8EBD-57BE2006659B}.Release|Any CPU.Build.0 = Release|Any CPU
	EndGlobalSection
	GlobalSection(SolutionProperties) = preSolution
		HideSolutionNode = FALSE
	EndGlobalSection
	GlobalSection(ExtensibilityGlobals) = postSolution
		SolutionGuid = {2627C375-8630-4449-A2C8-D805242DE6C3}
	EndGlobalSection
EndGlobal
