
Microsoft Visual Studio Solution File, Format Version 12.00
# Visual Studio Version 16
VisualStudioVersion = 16.0.31112.23
MinimumVisualStudioVersion = 10.0.40219.1
Project("{FAE04EC0-301F-11D3-BF4B-00C04F79EFBC}") = "EstruturaRepetitivaFor", "EstruturaRepetitivaFor\EstruturaRepetitivaFor.csproj", "{03945593-CA60-4A69-A5E0-447239BA1885}"
EndProject
Global
	GlobalSection(SolutionConfigurationPlatforms) = preSolution
		Debug|Any CPU = Debug|Any CPU
		Release|Any CPU = Release|Any CPU
	EndGlobalSection
	GlobalSection(ProjectConfigurationPlatforms) = postSolution
		{03945593-CA60-4A69-A5E0-447239BA1885}.Debug|Any CPU.ActiveCfg = Debug|Any CPU
		{03945593-CA60-4A69-A5E0-447239BA1885}.Debug|Any CPU.Build.0 = Debug|Any CPU
		{03945593-CA60-4A69-A5E0-447239BA1885}.Release|Any CPU.ActiveCfg = Release|Any CPU
		{03945593-CA60-4A69-A5E0-447239BA1885}.Release|Any CPU.Build.0 = Release|Any CPU
	EndGlobalSection
	GlobalSection(SolutionProperties) = preSolution
		HideSolutionNode = FALSE
	EndGlobalSection
	GlobalSection(ExtensibilityGlobals) = postSolution
		SolutionGuid = {FB9F378B-7BF4-4E08-9AA1-7E4B476E6348}
	EndGlobalSection
EndGlobal
